<?xml version="1.0" encoding="utf-8"?>
<Project ToolsVersion="4.0" xmlns="http://schemas.microsoft.com/developer/msbuild/2003">
  <ItemGroup>
    <Filter Include="Source Files">
      <UniqueIdentifier>{8ae2c5eb-9390-4a1b-9545-eac6b3ba2473}</UniqueIdentifier>
      <Extensions>cpp;c;cxx;rc;def;r;odl;idl;hpj;bat</Extensions>
    </Filter>
    <Filter Include="Header Files">
      <UniqueIdentifier>{5ba25b9e-cdfb-4d52-beed-6b4aaf1d7320}</UniqueIdentifier>
      <Extensions>h;hpp;hxx;hm;inl</Extensions>
    </Filter>
    <Filter Include="Resource Files">
      <UniqueIdentifier>{48330e8e-5f73-4c4d-b73b-8aece45f53eb}</UniqueIdentifier>
      <Extensions>ico;cur;bmp;dlg;rc2;rct;bin;rgs;gif;jpg;jpeg;jpe</Extensions>
    </Filter>
  </ItemGroup>
  <ItemGroup>
    <ClCompile Include="Fxml.cpp">
      <Filter>Source Files</Filter>
    </ClCompile>
    <ClCompile Include="Fxmlelement.cpp">
      <Filter>Source Files</Filter>
    </ClCompile>
    <ClCompile Include="main-server.cpp">
      <Filter>Source Files</Filter>
    </ClCompile>
    <ClCompile Include="ODBCSocketServer.cpp">
      <Filter>Source Files</Filter>
    </ClCompile>
    <ClCompile Include="StdAfx.cpp">
      <Filter>Source Files</Filter>
    </ClCompile>
    <ClCompile Include="ws-util.cpp">
      <Filter>Source Files</Filter>
    </ClCompile>
  </ItemGroup>
  <ItemGroup>
    <Midl Include="ODBCSocketServer.idl">
      <Filter>Source Files</Filter>
    </Midl>
  </ItemGroup>
  <ItemGroup>
    <ResourceCompile Include="ODBCSocketServer.rc">
      <Filter>Source Files</Filter>
    </ResourceCompile>
  </ItemGroup>
  <ItemGroup>
    <ClInclude Include="Fxml.h">
      <Filter>Header Files</Filter>
    </ClInclude>
    <ClInclude Include="Fxmlelement.h">
      <Filter>Header Files</Filter>
    </ClInclude>
    <ClInclude Include="GLOBALS.H">
      <Filter>Header Files</Filter>
    </ClInclude>
    <ClInclude Include="main-server.h">
      <Filter>Header Files</Filter>
    </ClInclude>
    <ClInclude Include="Resource.h">
      <Filter>Header Files</Filter>
    </ClInclude>
    <ClInclude Include="StdAfx.h">
      <Filter>Header Files</Filter>
    </ClInclude>
    <ClInclude Include="ws-util.h">
      <Filter>Header Files</Filter>
    </ClInclude>
  </ItemGroup>
  <ItemGroup>
    <CustomBuild Include="ODBCSocketServer.rgs">
      <Filter>Resource Files</Filter>
    </CustomBuild>
  </ItemGroup>
</Project>